
Microsoft Visual Studio Solution File, Format Version 12.00
# Visual Studio Version 17
VisualStudioVersion = 17.5.002.0
MinimumVisualStudioVersion = 10.0.40219.1
Project("{9A19103F-16F7-4668-BE54-9A1E7A4F7556}") = "linked_list", "linked_list.csproj", "{7C2314DA-960F-4E79-AB85-6C3D747DB74D}"
EndProject
Global
	GlobalSection(SolutionConfigurationPlatforms) = preSolution
		Debug|Any CPU = Debug|Any CPU
		Release|Any CPU = Release|Any CPU
	EndGlobalSection
	GlobalSection(ProjectConfigurationPlatforms) = postSolution
		{7C2314DA-960F-4E79-AB85-6C3D747DB74D}.Debug|Any CPU.ActiveCfg = Debug|Any CPU
		{7C2314DA-960F-4E79-AB85-6C3D747DB74D}.Debug|Any CPU.Build.0 = Debug|Any CPU
		{7C2314DA-960F-4E79-AB85-6C3D747DB74D}.Release|Any CPU.ActiveCfg = Release|Any CPU
		{7C2314DA-960F-4E79-AB85-6C3D747DB74D}.Release|Any CPU.Build.0 = Release|Any CPU
	EndGlobalSection
	GlobalSection(SolutionProperties) = preSolution
		HideSolutionNode = FALSE
	EndGlobalSection
	GlobalSection(ExtensibilityGlobals) = postSolution
		SolutionGuid = {87EFC175-CAEB-4BD9-80C9-F48998121F5D}
	EndGlobalSection
EndGlobal
